{
  "version": 4,
  "terraform_version": "1.3.6",
  "serial": 11,
  "lineage": "591d7004-b826-4d01-ca49-7eaa69738b94",
  "outputs": {
    "Jenkins_Password_Retrieval": {
      "value": "sudo cat /var/lib/jenkins/secrets/initialAdminPassword",
      "type": "string"
    },
    "SSH_Command": {
      "value": "ssh -i ~/Desktop/ssh/akinssh1.pem clouduser@20.169.245.46",
      "type": "string"
    },
    "URL": {
      "value": "http://20.169.245.46:8080",
      "type": "string"
    }
  },
  "resources": [
    {
      "mode": "data",
      "type": "azurerm_ssh_public_key",
      "name": "ssh_public_key",
      "provider": "provider[\"registry.terraform.io/hashicorp/azurerm\"]",
      "instances": [
        {
          "schema_version": 0,
          "attributes": {
            "id": "/subscriptions/658b7aa8-6d79-4894-a694-a6e0220fdcae/resourceGroups/akin/providers/Microsoft.Compute/sshPublicKeys/akinssh1",
            "name": "akinssh1",
            "public_key": "ssh-rsa AAAAB3NzaC1yc2EAAAADAQABAAABgQDLNPwyX0iQOh77BI7A9Mj9WE9pul8FGwA7Lo6CTB1BFcboLUCVYYJBacTLgSx0tmNH8hHW9Fhg4mrr69OmDYuKedIZ9y27+e5h/UVm0I2va8tFwkWqggwnKpHG8DFgLLcftEouZxlBWA1mFua6OywMYm9TkZzKR8WUGfthJNhAO229o7xUFehH4X+7s+MTQP84sd1Oik77+L3PqL9lvyvgwdUVAX5n075MtJyf9EUFtgE3FmmWp8+HHUgv2s/uxITkMYEla7drHxH8g7rrJOlG9d7L8elF7h4cXut5x6jQWszpcLt25RXroDSOwaOOelzkprkzINij8v8flA49FsCp/k+1lummsl1l8Qcw3nDtzUHLNkLYEBw7/fhsIRIW9Ij2LUeY+8+yHsciU8VOWqkz06D8Kt5ovUCwxjBxe4TYJtkcu4FFO44aWjs3pPV9RPCRxgCMC2r3jeAwhMjU0lZrTPMK7qOMLCxX34MntNcVlmqudjlYkzaG+MNQ1vQo1+U= generated-by-azure",
            "resource_group_name": "akin",
            "tags": {},
            "timeouts": null
          },
          "sensitive_attributes": []
        }
      ]
    },
    {
      "mode": "data",
      "type": "azurerm_subscription",
      "name": "primary",
      "provider": "provider[\"registry.terraform.io/hashicorp/azurerm\"]",
      "instances": [
        {
          "schema_version": 0,
          "attributes": {
            "display_name": "Azure subscription 1",
            "id": "/subscriptions/658b7aa8-6d79-4894-a694-a6e0220fdcae",
            "location_placement_id": "Public_2014-09-01",
            "quota_id": "PayAsYouGo_2014-09-01",
            "spending_limit": "Off",
            "state": "Enabled",
            "subscription_id": "658b7aa8-6d79-4894-a694-a6e0220fdcae",
            "tags": {},
            "tenant_id": "1a93b615-8d62-418a-ac28-22501cf1f978",
            "timeouts": null
          },
          "sensitive_attributes": []
        }
      ]
    },
    {
      "mode": "data",
      "type": "template_file",
      "name": "customdata",
      "provider": "provider[\"registry.terraform.io/hashicorp/template\"]",
      "instances": [
        {
          "schema_version": 0,
          "attributes": {
            "filename": null,
            "id": "52d541a2fe34b974104f6cc08d64666c0e94a88d9c5487e133692c06611080d7",
            "rendered": "#! /bin/bash\napt-get update\n\n# Install Jenkins\napt-get install openjdk-11-jdk-headless -y\nwget -q -O - https://pkg.jenkins.io/debian-stable/jenkins.io.key | sudo apt-key add -\nsudo sh -c 'echo deb http://pkg.jenkins.io/debian-stable binary/ \u003e /etc/apt/sources.list.d/jenkins.list'\napt-get update\napt-get install jenkins -y\nsystemctl enable jenkins\nsystemctl start jenkins\n\n# Install Docker\napt-get install ca-certificates curl gnupg lsb-release\nmkdir -m 0755 -p /etc/apt/keyrings\ncurl -fsSL https://download.docker.com/linux/ubuntu/gpg | sudo gpg --dearmor -o /etc/apt/keyrings/docker.gpg\necho \"deb [arch=$(dpkg --print-architecture) signed-by=/etc/apt/keyrings/docker.gpg] https://download.docker.com/linux/ubuntu $(lsb_release -cs) stable\" | sudo tee /etc/apt/sources.list.d/docker.list \u003e /dev/null\napt-get update\napt-get install docker-ce docker-ce-cli containerd.io docker-buildx-plugin docker-compose-plugin -y\nsystemctl start docker\nsystemctl enable docker\n\n# Install docker-compose\ncurl -L \"https://github.com/docker/compose/releases/download/1.26.2/docker-compose-$(uname -s)-$(uname -m)\" -o /usr/local/bin/docker-compose\nchmod +x /usr/local/bin/docker-compose\n\n# Add clouduser and Jenkins to docker group\nusermod -a -G docker clouduser\nusermod -a -G docker jenkins\n\n#\ncp /lib/systemd/system/docker.service /lib/systemd/system/docker.service.bak\nsed -i 's/^ExecStart=.*/ExecStart=\\/usr\\/bin\\/dockerd -H tcp:\\/\\/127.0.0.1:2375 -H unix:\\/\\/\\/var\\/run\\/docker.sock/g' /lib/systemd/system/docker.service\nsystemctl daemon-reload\nsystemctl restart docker\nsystemctl restart jenkins\n\n# Install AZ CLI\ncurl -sL https://aka.ms/InstallAzureCLIDeb | sudo bash\n\n# Install Ansible\napt-add-repository ppa:ansible/ansible -y\napt-get update\napt-get install ansible -y\n\n# Install Terraform\nwget -O- https://apt.releases.hashicorp.com/gpg | gpg --dearmor | sudo tee /usr/share/keyrings/hashicorp-archive-keyring.gpg\ngpg --no-default-keyring --keyring /usr/share/keyrings/hashicorp-archive-keyring.gpprintingerp\necho \"deb [signed-by=/usr/share/keyrings/hashicorp-archive-keyring.gpg] https://apt.releases.hashicorp.com $(lsb_release -cs) main\" | sudo tee /etc/apt/sources.list.d/hashicorp.list\napt-get update\napt-get install terraform\n\n# Install Kubectl\ncurl https://s3.us-west-2.amazonaws.com/amazon-eks/1.24.10/2023-01-30/bin/linux/amd64/kubectl -o /usr/local/bin/kubectl\nchmod +x /usr/local/bin/kubectl",
            "template": "#! /bin/bash\napt-get update\n\n# Install Jenkins\napt-get install openjdk-11-jdk-headless -y\nwget -q -O - https://pkg.jenkins.io/debian-stable/jenkins.io.key | sudo apt-key add -\nsudo sh -c 'echo deb http://pkg.jenkins.io/debian-stable binary/ \u003e /etc/apt/sources.list.d/jenkins.list'\napt-get update\napt-get install jenkins -y\nsystemctl enable jenkins\nsystemctl start jenkins\n\n# Install Docker\napt-get install ca-certificates curl gnupg lsb-release\nmkdir -m 0755 -p /etc/apt/keyrings\ncurl -fsSL https://download.docker.com/linux/ubuntu/gpg | sudo gpg --dearmor -o /etc/apt/keyrings/docker.gpg\necho \"deb [arch=$(dpkg --print-architecture) signed-by=/etc/apt/keyrings/docker.gpg] https://download.docker.com/linux/ubuntu $(lsb_release -cs) stable\" | sudo tee /etc/apt/sources.list.d/docker.list \u003e /dev/null\napt-get update\napt-get install docker-ce docker-ce-cli containerd.io docker-buildx-plugin docker-compose-plugin -y\nsystemctl start docker\nsystemctl enable docker\n\n# Install docker-compose\ncurl -L \"https://github.com/docker/compose/releases/download/1.26.2/docker-compose-$(uname -s)-$(uname -m)\" -o /usr/local/bin/docker-compose\nchmod +x /usr/local/bin/docker-compose\n\n# Add clouduser and Jenkins to docker group\nusermod -a -G docker clouduser\nusermod -a -G docker jenkins\n\n#\ncp /lib/systemd/system/docker.service /lib/systemd/system/docker.service.bak\nsed -i 's/^ExecStart=.*/ExecStart=\\/usr\\/bin\\/dockerd -H tcp:\\/\\/127.0.0.1:2375 -H unix:\\/\\/\\/var\\/run\\/docker.sock/g' /lib/systemd/system/docker.service\nsystemctl daemon-reload\nsystemctl restart docker\nsystemctl restart jenkins\n\n# Install AZ CLI\ncurl -sL https://aka.ms/InstallAzureCLIDeb | sudo bash\n\n# Install Ansible\napt-add-repository ppa:ansible/ansible -y\napt-get update\napt-get install ansible -y\n\n# Install Terraform\nwget -O- https://apt.releases.hashicorp.com/gpg | gpg --dearmor | sudo tee /usr/share/keyrings/hashicorp-archive-keyring.gpg\ngpg --no-default-keyring --keyring /usr/share/keyrings/hashicorp-archive-keyring.gpprintingerp\necho \"deb [signed-by=/usr/share/keyrings/hashicorp-archive-keyring.gpg] https://apt.releases.hashicorp.com $(lsb_release -cs) main\" | sudo tee /etc/apt/sources.list.d/hashicorp.list\napt-get update\napt-get install terraform\n\n# Install Kubectl\ncurl https://s3.us-west-2.amazonaws.com/amazon-eks/1.24.10/2023-01-30/bin/linux/amd64/kubectl -o /usr/local/bin/kubectl\nchmod +x /usr/local/bin/kubectl",
            "vars": null
          },
          "sensitive_attributes": []
        }
      ]
    },
    {
      "mode": "managed",
      "type": "azurerm_network_interface",
      "name": "nic",
      "provider": "provider[\"registry.terraform.io/hashicorp/azurerm\"]",
      "instances": [
        {
          "schema_version": 0,
          "attributes": {
            "applied_dns_servers": [],
            "dns_servers": [],
            "edge_zone": "",
            "enable_accelerated_networking": false,
            "enable_ip_forwarding": false,
            "id": "/subscriptions/658b7aa8-6d79-4894-a694-a6e0220fdcae/resourceGroups/jenkins-rg/providers/Microsoft.Network/networkInterfaces/jenkins-nic",
            "internal_dns_name_label": "",
            "internal_domain_name_suffix": "xo4koudp2jhubf5ltqi0huexuh.bx.internal.cloudapp.net",
            "ip_configuration": [
              {
                "gateway_load_balancer_frontend_ip_configuration_id": "",
                "name": "IPConfiguration",
                "primary": true,
                "private_ip_address": "10.0.1.4",
                "private_ip_address_allocation": "Dynamic",
                "private_ip_address_version": "IPv4",
                "public_ip_address_id": "/subscriptions/658b7aa8-6d79-4894-a694-a6e0220fdcae/resourceGroups/jenkins-rg/providers/Microsoft.Network/publicIPAddresses/jenkins-pip",
                "subnet_id": "/subscriptions/658b7aa8-6d79-4894-a694-a6e0220fdcae/resourceGroups/jenkins-rg/providers/Microsoft.Network/virtualNetworks/jenkins-vnet/subnets/jenkins-subnet"
              }
            ],
            "location": "eastus",
            "mac_address": "",
            "name": "jenkins-nic",
            "private_ip_address": "10.0.1.4",
            "private_ip_addresses": [
              "10.0.1.4"
            ],
            "resource_group_name": "jenkins-rg",
            "tags": null,
            "timeouts": null,
            "virtual_machine_id": ""
          },
          "sensitive_attributes": [],
          "private": "eyJlMmJmYjczMC1lY2FhLTExZTYtOGY4OC0zNDM2M2JjN2M0YzAiOnsiY3JlYXRlIjoxODAwMDAwMDAwMDAwLCJkZWxldGUiOjE4MDAwMDAwMDAwMDAsInJlYWQiOjMwMDAwMDAwMDAwMCwidXBkYXRlIjoxODAwMDAwMDAwMDAwfX0=",
          "dependencies": [
            "azurerm_public_ip.pip",
            "azurerm_resource_group.rg",
            "azurerm_subnet.subnet",
            "azurerm_virtual_network.vnet"
          ]
        }
      ]
    },
    {
      "mode": "managed",
      "type": "azurerm_network_interface_security_group_association",
      "name": "nic_association",
      "provider": "provider[\"registry.terraform.io/hashicorp/azurerm\"]",
      "instances": [
        {
          "schema_version": 0,
          "attributes": {
            "id": "/subscriptions/658b7aa8-6d79-4894-a694-a6e0220fdcae/resourceGroups/jenkins-rg/providers/Microsoft.Network/networkInterfaces/jenkins-nic|/subscriptions/658b7aa8-6d79-4894-a694-a6e0220fdcae/resourceGroups/jenkins-rg/providers/Microsoft.Network/networkSecurityGroups/jenkins-nsg",
            "network_interface_id": "/subscriptions/658b7aa8-6d79-4894-a694-a6e0220fdcae/resourceGroups/jenkins-rg/providers/Microsoft.Network/networkInterfaces/jenkins-nic",
            "network_security_group_id": "/subscriptions/658b7aa8-6d79-4894-a694-a6e0220fdcae/resourceGroups/jenkins-rg/providers/Microsoft.Network/networkSecurityGroups/jenkins-nsg",
            "timeouts": null
          },
          "sensitive_attributes": [],
          "private": "eyJlMmJmYjczMC1lY2FhLTExZTYtOGY4OC0zNDM2M2JjN2M0YzAiOnsiY3JlYXRlIjoxODAwMDAwMDAwMDAwLCJkZWxldGUiOjE4MDAwMDAwMDAwMDAsInJlYWQiOjMwMDAwMDAwMDAwMCwidXBkYXRlIjoxODAwMDAwMDAwMDAwfX0=",
          "dependencies": [
            "azurerm_network_interface.nic",
            "azurerm_network_security_group.nsg",
            "azurerm_public_ip.pip",
            "azurerm_resource_group.rg",
            "azurerm_subnet.subnet",
            "azurerm_virtual_network.vnet"
          ]
        }
      ]
    },
    {
      "mode": "managed",
      "type": "azurerm_network_security_group",
      "name": "nsg",
      "provider": "provider[\"registry.terraform.io/hashicorp/azurerm\"]",
      "instances": [
        {
          "schema_version": 0,
          "attributes": {
            "id": "/subscriptions/658b7aa8-6d79-4894-a694-a6e0220fdcae/resourceGroups/jenkins-rg/providers/Microsoft.Network/networkSecurityGroups/jenkins-nsg",
            "location": "eastus",
            "name": "jenkins-nsg",
            "resource_group_name": "jenkins-rg",
            "security_rule": [
              {
                "access": "Allow",
                "description": "",
                "destination_address_prefix": "*",
                "destination_address_prefixes": [],
                "destination_application_security_group_ids": [],
                "destination_port_range": "22",
                "destination_port_ranges": [],
                "direction": "Inbound",
                "name": "Allow-22",
                "priority": 100,
                "protocol": "Tcp",
                "source_address_prefix": "*",
                "source_address_prefixes": [],
                "source_application_security_group_ids": [],
                "source_port_range": "*",
                "source_port_ranges": []
              },
              {
                "access": "Allow",
                "description": "",
                "destination_address_prefix": "*",
                "destination_address_prefixes": [],
                "destination_application_security_group_ids": [],
                "destination_port_range": "8080",
                "destination_port_ranges": [],
                "direction": "Inbound",
                "name": "Allow-8080",
                "priority": 110,
                "protocol": "Tcp",
                "source_address_prefix": "*",
                "source_address_prefixes": [],
                "source_application_security_group_ids": [],
                "source_port_range": "*",
                "source_port_ranges": []
              }
            ],
            "tags": null,
            "timeouts": null
          },
          "sensitive_attributes": [],
          "private": "eyJlMmJmYjczMC1lY2FhLTExZTYtOGY4OC0zNDM2M2JjN2M0YzAiOnsiY3JlYXRlIjoxODAwMDAwMDAwMDAwLCJkZWxldGUiOjE4MDAwMDAwMDAwMDAsInJlYWQiOjMwMDAwMDAwMDAwMCwidXBkYXRlIjoxODAwMDAwMDAwMDAwfX0=",
          "dependencies": [
            "azurerm_resource_group.rg"
          ]
        }
      ]
    },
    {
      "mode": "managed",
      "type": "azurerm_public_ip",
      "name": "pip",
      "provider": "provider[\"registry.terraform.io/hashicorp/azurerm\"]",
      "instances": [
        {
          "schema_version": 0,
          "attributes": {
            "allocation_method": "Static",
            "ddos_protection_mode": "VirtualNetworkInherited",
            "ddos_protection_plan_id": null,
            "domain_name_label": null,
            "edge_zone": "",
            "fqdn": null,
            "id": "/subscriptions/658b7aa8-6d79-4894-a694-a6e0220fdcae/resourceGroups/jenkins-rg/providers/Microsoft.Network/publicIPAddresses/jenkins-pip",
            "idle_timeout_in_minutes": 4,
            "ip_address": "20.169.245.46",
            "ip_tags": null,
            "ip_version": "IPv4",
            "location": "eastus",
            "name": "jenkins-pip",
            "public_ip_prefix_id": null,
            "resource_group_name": "jenkins-rg",
            "reverse_fqdn": null,
            "sku": "Basic",
            "sku_tier": "Regional",
            "tags": null,
            "timeouts": null,
            "zones": null
          },
          "sensitive_attributes": [],
          "private": "eyJlMmJmYjczMC1lY2FhLTExZTYtOGY4OC0zNDM2M2JjN2M0YzAiOnsiY3JlYXRlIjoxODAwMDAwMDAwMDAwLCJkZWxldGUiOjE4MDAwMDAwMDAwMDAsInJlYWQiOjMwMDAwMDAwMDAwMCwidXBkYXRlIjoxODAwMDAwMDAwMDAwfX0=",
          "dependencies": [
            "azurerm_resource_group.rg"
          ]
        }
      ]
    },
    {
      "mode": "managed",
      "type": "azurerm_resource_group",
      "name": "rg",
      "provider": "provider[\"registry.terraform.io/hashicorp/azurerm\"]",
      "instances": [
        {
          "schema_version": 0,
          "attributes": {
            "id": "/subscriptions/658b7aa8-6d79-4894-a694-a6e0220fdcae/resourceGroups/jenkins-rg",
            "location": "eastus",
            "name": "jenkins-rg",
            "tags": null,
            "timeouts": null
          },
          "sensitive_attributes": [],
          "private": "eyJlMmJmYjczMC1lY2FhLTExZTYtOGY4OC0zNDM2M2JjN2M0YzAiOnsiY3JlYXRlIjo1NDAwMDAwMDAwMDAwLCJkZWxldGUiOjU0MDAwMDAwMDAwMDAsInJlYWQiOjMwMDAwMDAwMDAwMCwidXBkYXRlIjo1NDAwMDAwMDAwMDAwfX0="
        }
      ]
    },
    {
      "mode": "managed",
      "type": "azurerm_role_assignment",
      "name": "role_assignment",
      "provider": "provider[\"registry.terraform.io/hashicorp/azurerm\"]",
      "instances": [
        {
          "schema_version": 0,
          "attributes": {
            "condition": "",
            "condition_version": "",
            "delegated_managed_identity_resource_id": "",
            "description": "",
            "id": "/subscriptions/658b7aa8-6d79-4894-a694-a6e0220fdcae/providers/Microsoft.Authorization/roleAssignments/10571d69-f732-1bcd-ab7b-0b9ae25f2b0a",
            "name": "10571d69-f732-1bcd-ab7b-0b9ae25f2b0a",
            "principal_id": "17169f77-b7b5-4546-91cf-e8cdf3087e88",
            "principal_type": "ServicePrincipal",
            "role_definition_id": "/subscriptions/658b7aa8-6d79-4894-a694-a6e0220fdcae/providers/Microsoft.Authorization/roleDefinitions/8e3af657-a8ff-443c-a75c-2fe8c4bcb635",
            "role_definition_name": "Owner",
            "scope": "/subscriptions/658b7aa8-6d79-4894-a694-a6e0220fdcae",
            "skip_service_principal_aad_check": null,
            "timeouts": null
          },
          "sensitive_attributes": [],
          "private": "eyJlMmJmYjczMC1lY2FhLTExZTYtOGY4OC0zNDM2M2JjN2M0YzAiOnsiY3JlYXRlIjoxODAwMDAwMDAwMDAwLCJkZWxldGUiOjE4MDAwMDAwMDAwMDAsInJlYWQiOjMwMDAwMDAwMDAwMCwidXBkYXRlIjoxODAwMDAwMDAwMDAwfX0=",
          "dependencies": [
            "azurerm_resource_group.rg",
            "azurerm_user_assigned_identity.identity",
            "data.azurerm_subscription.primary"
          ]
        }
      ]
    },
    {
      "mode": "managed",
      "type": "azurerm_subnet",
      "name": "subnet",
      "provider": "provider[\"registry.terraform.io/hashicorp/azurerm\"]",
      "instances": [
        {
          "schema_version": 0,
          "attributes": {
            "address_prefixes": [
              "10.0.1.0/24"
            ],
            "delegation": [],
            "enforce_private_link_endpoint_network_policies": false,
            "enforce_private_link_service_network_policies": false,
            "id": "/subscriptions/658b7aa8-6d79-4894-a694-a6e0220fdcae/resourceGroups/jenkins-rg/providers/Microsoft.Network/virtualNetworks/jenkins-vnet/subnets/jenkins-subnet",
            "name": "jenkins-subnet",
            "private_endpoint_network_policies_enabled": true,
            "private_link_service_network_policies_enabled": true,
            "resource_group_name": "jenkins-rg",
            "service_endpoint_policy_ids": null,
            "service_endpoints": null,
            "timeouts": null,
            "virtual_network_name": "jenkins-vnet"
          },
          "sensitive_attributes": [],
          "private": "eyJlMmJmYjczMC1lY2FhLTExZTYtOGY4OC0zNDM2M2JjN2M0YzAiOnsiY3JlYXRlIjoxODAwMDAwMDAwMDAwLCJkZWxldGUiOjE4MDAwMDAwMDAwMDAsInJlYWQiOjMwMDAwMDAwMDAwMCwidXBkYXRlIjoxODAwMDAwMDAwMDAwfX0=",
          "dependencies": [
            "azurerm_resource_group.rg",
            "azurerm_virtual_network.vnet"
          ]
        }
      ]
    },
    {
      "mode": "managed",
      "type": "azurerm_user_assigned_identity",
      "name": "identity",
      "provider": "provider[\"registry.terraform.io/hashicorp/azurerm\"]",
      "instances": [
        {
          "schema_version": 1,
          "attributes": {
            "client_id": "71e72609-9c7a-407b-bd83-5930fed9c737",
            "id": "/subscriptions/658b7aa8-6d79-4894-a694-a6e0220fdcae/resourceGroups/jenkins-rg/providers/Microsoft.ManagedIdentity/userAssignedIdentities/jenkins-identity",
            "location": "eastus",
            "name": "jenkins-identity",
            "principal_id": "17169f77-b7b5-4546-91cf-e8cdf3087e88",
            "resource_group_name": "jenkins-rg",
            "tags": null,
            "tenant_id": "1a93b615-8d62-418a-ac28-22501cf1f978",
            "timeouts": null
          },
          "sensitive_attributes": [],
          "private": "eyJlMmJmYjczMC1lY2FhLTExZTYtOGY4OC0zNDM2M2JjN2M0YzAiOnsiY3JlYXRlIjoxODAwMDAwMDAwMDAwLCJkZWxldGUiOjE4MDAwMDAwMDAwMDAsInJlYWQiOjMwMDAwMDAwMDAwMCwidXBkYXRlIjoxODAwMDAwMDAwMDAwfSwic2NoZW1hX3ZlcnNpb24iOiIxIn0=",
          "dependencies": [
            "azurerm_resource_group.rg"
          ]
        }
      ]
    },
    {
      "mode": "managed",
      "type": "azurerm_virtual_machine",
      "name": "vm",
      "provider": "provider[\"registry.terraform.io/hashicorp/azurerm\"]",
      "instances": [
        {
          "schema_version": 0,
          "attributes": {
            "additional_capabilities": [],
            "availability_set_id": null,
            "boot_diagnostics": [],
            "delete_data_disks_on_termination": true,
            "delete_os_disk_on_termination": true,
            "id": "/subscriptions/658b7aa8-6d79-4894-a694-a6e0220fdcae/resourceGroups/jenkins-rg/providers/Microsoft.Compute/virtualMachines/jenkins",
            "identity": [
              {
                "identity_ids": [
                  "/subscriptions/658b7aa8-6d79-4894-a694-a6e0220fdcae/resourceGroups/jenkins-rg/providers/Microsoft.ManagedIdentity/userAssignedIdentities/jenkins-identity"
                ],
                "principal_id": "",
                "type": "UserAssigned"
              }
            ],
            "license_type": null,
            "location": "eastus",
            "name": "jenkins",
            "network_interface_ids": [
              "/subscriptions/658b7aa8-6d79-4894-a694-a6e0220fdcae/resourceGroups/jenkins-rg/providers/Microsoft.Network/networkInterfaces/jenkins-nic"
            ],
            "os_profile": [
              {
                "admin_password": "",
                "admin_username": "clouduser",
                "computer_name": "jenkins",
                "custom_data": "28eb256b0ef7834d54c09471217c7d80a0549858"
              }
            ],
            "os_profile_linux_config": [
              {
                "disable_password_authentication": true,
                "ssh_keys": [
                  {
                    "key_data": "ssh-rsa AAAAB3NzaC1yc2EAAAADAQABAAABgQDLNPwyX0iQOh77BI7A9Mj9WE9pul8FGwA7Lo6CTB1BFcboLUCVYYJBacTLgSx0tmNH8hHW9Fhg4mrr69OmDYuKedIZ9y27+e5h/UVm0I2va8tFwkWqggwnKpHG8DFgLLcftEouZxlBWA1mFua6OywMYm9TkZzKR8WUGfthJNhAO229o7xUFehH4X+7s+MTQP84sd1Oik77+L3PqL9lvyvgwdUVAX5n075MtJyf9EUFtgE3FmmWp8+HHUgv2s/uxITkMYEla7drHxH8g7rrJOlG9d7L8elF7h4cXut5x6jQWszpcLt25RXroDSOwaOOelzkprkzINij8v8flA49FsCp/k+1lummsl1l8Qcw3nDtzUHLNkLYEBw7/fhsIRIW9Ij2LUeY+8+yHsciU8VOWqkz06D8Kt5ovUCwxjBxe4TYJtkcu4FFO44aWjs3pPV9RPCRxgCMC2r3jeAwhMjU0lZrTPMK7qOMLCxX34MntNcVlmqudjlYkzaG+MNQ1vQo1+U= generated-by-azure",
                    "path": "/home/clouduser/.ssh/authorized_keys"
                  }
                ]
              }
            ],
            "os_profile_secrets": [],
            "os_profile_windows_config": [],
            "plan": [],
            "primary_network_interface_id": null,
            "proximity_placement_group_id": null,
            "resource_group_name": "jenkins-rg",
            "storage_data_disk": [],
            "storage_image_reference": [
              {
                "id": "",
                "offer": "UbuntuServer",
                "publisher": "Canonical",
                "sku": "18.04-LTS",
                "version": "latest"
              }
            ],
            "storage_os_disk": [
              {
                "caching": "ReadWrite",
                "create_option": "FromImage",
                "disk_size_gb": 30,
                "image_uri": "",
                "managed_disk_id": "/subscriptions/658b7aa8-6d79-4894-a694-a6e0220fdcae/resourceGroups/jenkins-rg/providers/Microsoft.Compute/disks/jenkins-osdisk",
                "managed_disk_type": "Standard_LRS",
                "name": "jenkins-osdisk",
                "os_type": "Linux",
                "vhd_uri": "",
                "write_accelerator_enabled": false
              }
            ],
            "tags": null,
            "timeouts": null,
            "vm_size": "Standard_D2s_v3",
            "zones": null
          },
          "sensitive_attributes": [],
          "private": "eyJlMmJmYjczMC1lY2FhLTExZTYtOGY4OC0zNDM2M2JjN2M0YzAiOnsiY3JlYXRlIjozNjAwMDAwMDAwMDAwLCJkZWxldGUiOjM2MDAwMDAwMDAwMDAsInJlYWQiOjMwMDAwMDAwMDAwMCwidXBkYXRlIjozNjAwMDAwMDAwMDAwfX0=",
          "dependencies": [
            "azurerm_network_interface.nic",
            "azurerm_public_ip.pip",
            "azurerm_resource_group.rg",
            "azurerm_subnet.subnet",
            "azurerm_user_assigned_identity.identity",
            "azurerm_virtual_network.vnet",
            "data.azurerm_ssh_public_key.ssh_public_key",
            "data.template_file.customdata"
          ]
        }
      ]
    },
    {
      "mode": "managed",
      "type": "azurerm_virtual_network",
      "name": "vnet",
      "provider": "provider[\"registry.terraform.io/hashicorp/azurerm\"]",
      "instances": [
        {
          "schema_version": 0,
          "attributes": {
            "address_space": [
              "10.0.0.0/16"
            ],
            "bgp_community": "",
            "ddos_protection_plan": [],
            "dns_servers": [],
            "edge_zone": "",
            "flow_timeout_in_minutes": 0,
            "guid": "50a7bcbb-e26f-404f-97eb-9c11a3d097a7",
            "id": "/subscriptions/658b7aa8-6d79-4894-a694-a6e0220fdcae/resourceGroups/jenkins-rg/providers/Microsoft.Network/virtualNetworks/jenkins-vnet",
            "location": "eastus",
            "name": "jenkins-vnet",
            "resource_group_name": "jenkins-rg",
            "subnet": [],
            "tags": null,
            "timeouts": null
          },
          "sensitive_attributes": [],
          "private": "eyJlMmJmYjczMC1lY2FhLTExZTYtOGY4OC0zNDM2M2JjN2M0YzAiOnsiY3JlYXRlIjoxODAwMDAwMDAwMDAwLCJkZWxldGUiOjE4MDAwMDAwMDAwMDAsInJlYWQiOjMwMDAwMDAwMDAwMCwidXBkYXRlIjoxODAwMDAwMDAwMDAwfX0=",
          "dependencies": [
            "azurerm_resource_group.rg"
          ]
        }
      ]
    }
  ],
  "check_results": null
}
